
Microsoft Visual Studio Solution File, Format Version 12.00
# Visual Studio Version 17
VisualStudioVersion = 17.5.002.0
MinimumVisualStudioVersion = 10.0.40219.1
Project("{9A19103F-16F7-4668-BE54-9A1E7A4F7556}") = "practicum-5-4-4", "practicum-5-4-4.csproj", "{87C07E15-AFFE-45E1-B00A-12F28BB2C32A}"
EndProject
Global
	GlobalSection(SolutionConfigurationPlatforms) = preSolution
		Debug|Any CPU = Debug|Any CPU
		Release|Any CPU = Release|Any CPU
	EndGlobalSection
	GlobalSection(ProjectConfigurationPlatforms) = postSolution
		{87C07E15-AFFE-45E1-B00A-12F28BB2C32A}.Debug|Any CPU.ActiveCfg = Debug|Any CPU
		{87C07E15-AFFE-45E1-B00A-12F28BB2C32A}.Debug|Any CPU.Build.0 = Debug|Any CPU
		{87C07E15-AFFE-45E1-B00A-12F28BB2C32A}.Release|Any CPU.ActiveCfg = Release|Any CPU
		{87C07E15-AFFE-45E1-B00A-12F28BB2C32A}.Release|Any CPU.Build.0 = Release|Any CPU
	EndGlobalSection
	GlobalSection(SolutionProperties) = preSolution
		HideSolutionNode = FALSE
	EndGlobalSection
	GlobalSection(ExtensibilityGlobals) = postSolution
		SolutionGuid = {499658BC-0FAA-4254-8F99-0DB1A63966BD}
	EndGlobalSection
EndGlobal
