
Microsoft Visual Studio Solution File, Format Version 12.00
# Visual Studio Version 17
VisualStudioVersion = 17.5.002.0
MinimumVisualStudioVersion = 10.0.40219.1
Project("{9A19103F-16F7-4668-BE54-9A1E7A4F7556}") = "practicum-2-2-16", "practicum-2-2-16.csproj", "{445DA2AE-E100-47D2-A9CF-A4A0B4D887F7}"
EndProject
Global
	GlobalSection(SolutionConfigurationPlatforms) = preSolution
		Debug|Any CPU = Debug|Any CPU
		Release|Any CPU = Release|Any CPU
	EndGlobalSection
	GlobalSection(ProjectConfigurationPlatforms) = postSolution
		{445DA2AE-E100-47D2-A9CF-A4A0B4D887F7}.Debug|Any CPU.ActiveCfg = Debug|Any CPU
		{445DA2AE-E100-47D2-A9CF-A4A0B4D887F7}.Debug|Any CPU.Build.0 = Debug|Any CPU
		{445DA2AE-E100-47D2-A9CF-A4A0B4D887F7}.Release|Any CPU.ActiveCfg = Release|Any CPU
		{445DA2AE-E100-47D2-A9CF-A4A0B4D887F7}.Release|Any CPU.Build.0 = Release|Any CPU
	EndGlobalSection
	GlobalSection(SolutionProperties) = preSolution
		HideSolutionNode = FALSE
	EndGlobalSection
	GlobalSection(ExtensibilityGlobals) = postSolution
		SolutionGuid = {3D01A57F-A417-41FF-8CE6-AFCE9B0C59A5}
	EndGlobalSection
EndGlobal
