
Microsoft Visual Studio Solution File, Format Version 12.00
# Visual Studio Version 17
VisualStudioVersion = 17.5.002.0
MinimumVisualStudioVersion = 10.0.40219.1
Project("{9A19103F-16F7-4668-BE54-9A1E7A4F7556}") = "practicum-3-2-2", "practicum-3-2-2.csproj", "{D18FC95F-0C0B-4BD8-9A93-BFDD24CB33FA}"
EndProject
Global
	GlobalSection(SolutionConfigurationPlatforms) = preSolution
		Debug|Any CPU = Debug|Any CPU
		Release|Any CPU = Release|Any CPU
	EndGlobalSection
	GlobalSection(ProjectConfigurationPlatforms) = postSolution
		{D18FC95F-0C0B-4BD8-9A93-BFDD24CB33FA}.Debug|Any CPU.ActiveCfg = Debug|Any CPU
		{D18FC95F-0C0B-4BD8-9A93-BFDD24CB33FA}.Debug|Any CPU.Build.0 = Debug|Any CPU
		{D18FC95F-0C0B-4BD8-9A93-BFDD24CB33FA}.Release|Any CPU.ActiveCfg = Release|Any CPU
		{D18FC95F-0C0B-4BD8-9A93-BFDD24CB33FA}.Release|Any CPU.Build.0 = Release|Any CPU
	EndGlobalSection
	GlobalSection(SolutionProperties) = preSolution
		HideSolutionNode = FALSE
	EndGlobalSection
	GlobalSection(ExtensibilityGlobals) = postSolution
		SolutionGuid = {74030916-AB3A-4DF3-ACB9-83B640D130E8}
	EndGlobalSection
EndGlobal
